github.com/carlmjohnson/be v0.22.4 h1:CEYQrjQu8ABgEryNXibdk9gvJb7I0yg3iTAK7L4c2bk=
github.com/carlmjohnson/be v0.22.4/go.mod h1:KAgPUh0HpzWYZZI+IABdo80wTgY43YhbdsiLYAaSI/Q=
github.com/carlmjohnson/crockford v0.23.1 h1:ImVIp5KOZvHXpxaVGP78WanEPxzH0ZqqE4Nd9YuJAb4=
github.com/carlmjohnson/crockford v0.23.1/go.mod h1:+uz/aAJerF/noKb/fS4l9vl4bFexgpDjdVoL9XeKn/0=
